
Microsoft Visual Studio Solution File, Format Version 12.00
# Visual Studio Version 17
VisualStudioVersion = 17.11.35222.181
MinimumVisualStudioVersion = 10.0.40219.1
Project("{FAE04EC0-301F-11D3-BF4B-00C04F79EFBC}") = "PresentationLayer", "PresentationLayer\PresentationLayer.csproj", "{8ECAAEE1-E112-4733-9860-65CD7A647A82}"
EndProject
Project("{FAE04EC0-301F-11D3-BF4B-00C04F79EFBC}") = "DataAccessLayer", "DataAccessLayer\DataAccessLayer.csproj", "{E38A1823-3CE3-45D9-83DE-4F16C4117923}"
EndProject
Project("{FAE04EC0-301F-11D3-BF4B-00C04F79EFBC}") = "BusinessLogicLayer", "BusinessLogicLayer\BusinessLogicLayer.csproj", "{DBA99134-8D8E-4EA7-9E08-6619088F50AE}"
EndProject
Global
	GlobalSection(SolutionConfigurationPlatforms) = preSolution
		Debug|Any CPU = Debug|Any CPU
		Release|Any CPU = Release|Any CPU
	EndGlobalSection
	GlobalSection(ProjectConfigurationPlatforms) = postSolution
		{8ECAAEE1-E112-4733-9860-65CD7A647A82}.Debug|Any CPU.ActiveCfg = Debug|Any CPU
		{8ECAAEE1-E112-4733-9860-65CD7A647A82}.Debug|Any CPU.Build.0 = Debug|Any CPU
		{8ECAAEE1-E112-4733-9860-65CD7A647A82}.Release|Any CPU.ActiveCfg = Release|Any CPU
		{8ECAAEE1-E112-4733-9860-65CD7A647A82}.Release|Any CPU.Build.0 = Release|Any CPU
		{E38A1823-3CE3-45D9-83DE-4F16C4117923}.Debug|Any CPU.ActiveCfg = Debug|Any CPU
		{E38A1823-3CE3-45D9-83DE-4F16C4117923}.Debug|Any CPU.Build.0 = Debug|Any CPU
		{E38A1823-3CE3-45D9-83DE-4F16C4117923}.Release|Any CPU.ActiveCfg = Release|Any CPU
		{E38A1823-3CE3-45D9-83DE-4F16C4117923}.Release|Any CPU.Build.0 = Release|Any CPU
		{DBA99134-8D8E-4EA7-9E08-6619088F50AE}.Debug|Any CPU.ActiveCfg = Debug|Any CPU
		{DBA99134-8D8E-4EA7-9E08-6619088F50AE}.Debug|Any CPU.Build.0 = Debug|Any CPU
		{DBA99134-8D8E-4EA7-9E08-6619088F50AE}.Release|Any CPU.ActiveCfg = Release|Any CPU
		{DBA99134-8D8E-4EA7-9E08-6619088F50AE}.Release|Any CPU.Build.0 = Release|Any CPU
	EndGlobalSection
	GlobalSection(SolutionProperties) = preSolution
		HideSolutionNode = FALSE
	EndGlobalSection
	GlobalSection(ExtensibilityGlobals) = postSolution
		SolutionGuid = {49AF1BBC-A160-42C3-AB64-68E536EE3D36}
	EndGlobalSection
EndGlobal
